<?xml version="1.0" encoding="utf-8"?>
<Project ToolsVersion="4.0" xmlns="http://schemas.microsoft.com/developer/msbuild/2003">
  <ItemGroup>
    <Filter Include="General">
      <UniqueIdentifier>{4FC737F1-C7A5-4376-A066-2A32D752A2FF}</UniqueIdentifier>
      <Extensions>cpp;c;cc;cxx;def;odl;idl;hpj;bat;asm;asmx</Extensions>
    </Filter>
    <Filter Include="Gameplay">
      <UniqueIdentifier>{1958491f-fdfe-4271-88ff-a15d28740fd1}</UniqueIdentifier>
    </Filter>
    <Filter Include="Data">
      <UniqueIdentifier>{cda8afb1-51e4-46c8-a6bf-177669df9d10}</UniqueIdentifier>
    </Filter>
    <Filter Include="Data\Images">
      <UniqueIdentifier>{0121e9fb-90a7-42f7-bcdb-39aa7352eb08}</UniqueIdentifier>
    </Filter>
    <Filter Include="Data\Materials">
      <UniqueIdentifier>{1a2c010f-9ceb-4925-b4a0-bacb1648f5c9}</UniqueIdentifier>
    </Filter>
    <Filter Include="Data\Fonts">
      <UniqueIdentifier>{6e1c69e5-be94-49e7-a932-1678c953a0e8}</UniqueIdentifier>
    </Filter>
  </ItemGroup>
  <ItemGroup>
    <ClCompile Include="Game\App.cpp">
      <Filter>General</Filter>
    </ClCompile>
    <ClCompile Include="Game\GameCommon.cpp">
      <Filter>General</Filter>
    </ClCompile>
    <ClCompile Include="Game\GameConfig.cpp">
      <Filter>General</Filter>
    </ClCompile>
    <ClCompile Include="Game\Main_Win32.cpp">
      <Filter>General</Filter>
    </ClCompile>
    <ClCompile Include="Game\Game.cpp">
      <Filter>Gameplay</Filter>
    </ClCompile>
  </ItemGroup>
  <ItemGroup>
    <ClInclude Include="Game\App.hpp">
      <Filter>General</Filter>
    </ClInclude>
    <ClInclude Include="Game\GameCommon.hpp">
      <Filter>General</Filter>
    </ClInclude>
    <ClInclude Include="Game\GameConfig.hpp">
      <Filter>General</Filter>
    </ClInclude>
    <ClInclude Include="Game\Game.hpp">
      <Filter>Gameplay</Filter>
    </ClInclude>
  </ItemGroup>
  <ItemGroup>
    <Image Include="..\Run_Win32\Data\Images\Test_StbiAndDirectX.png">
      <Filter>Data\Images</Filter>
    </Image>
    <Image Include="..\Run_Win32\Data\Images\cute_sif.gif">
      <Filter>Data\Images</Filter>
    </Image>
  </ItemGroup>
  <ItemGroup>
    <None Include="..\Run_Win32\Data\Materials\Test.material">
      <Filter>Data\Materials</Filter>
    </None>
    <None Include="..\Run_Win32\Data\Materials\sif.material">
      <Filter>Data\Materials</Filter>
    </None>
  </ItemGroup>
</Project>