
Microsoft Visual Studio Solution File, Format Version 12.00
# Visual Studio 15
VisualStudioVersion = 15.0.27703.2035
MinimumVisualStudioVersion = 10.0.40219.1
Project("{8BC9CEB8-8B4A-11D0-8D11-00A0C91BC942}") = "NetworkTests", "Code\Game.vcxproj", "{D6FE1D8B-DCB0-4083-8C76-CF3180BEFCEC}"
EndProject
Project("{8BC9CEB8-8B4A-11D0-8D11-00A0C91BC942}") = "Engine", "..\Engine\Code\Engine\Engine.vcxproj", "{ACBDA225-83DE-4FBA-A746-0135429FB391}"
EndProject
Global
	GlobalSection(SolutionConfigurationPlatforms) = preSolution
		Debug|x64 = Debug|x64
		Debug|x86 = Debug|x86
		FastDebug|x64 = FastDebug|x64
		FastDebug|x86 = FastDebug|x86
		Release|x64 = Release|x64
		Release|x86 = Release|x86
	EndGlobalSection
	GlobalSection(ProjectConfigurationPlatforms) = postSolution
		{D6FE1D8B-DCB0-4083-8C76-CF3180BEFCEC}.Debug|x64.ActiveCfg = Debug|x64
		{D6FE1D8B-DCB0-4083-8C76-CF3180BEFCEC}.Debug|x64.Build.0 = Debug|x64
		{D6FE1D8B-DCB0-4083-8C76-CF3180BEFCEC}.Debug|x86.ActiveCfg = Debug|Win32
		{D6FE1D8B-DCB0-4083-8C76-CF3180BEFCEC}.Debug|x86.Build.0 = Debug|Win32
		{D6FE1D8B-DCB0-4083-8C76-CF3180BEFCEC}.FastDebug|x64.ActiveCfg = FastDebug|x64
		{D6FE1D8B-DCB0-4083-8C76-CF3180BEFCEC}.FastDebug|x64.Build.0 = FastDebug|x64
		{D6FE1D8B-DCB0-4083-8C76-CF3180BEFCEC}.FastDebug|x86.ActiveCfg = FastDebug|Win32
		{D6FE1D8B-DCB0-4083-8C76-CF3180BEFCEC}.FastDebug|x86.Build.0 = FastDebug|Win32
		{D6FE1D8B-DCB0-4083-8C76-CF3180BEFCEC}.Release|x64.ActiveCfg = Release|x64
		{D6FE1D8B-DCB0-4083-8C76-CF3180BEFCEC}.Release|x64.Build.0 = Release|x64
		{D6FE1D8B-DCB0-4083-8C76-CF3180BEFCEC}.Release|x86.ActiveCfg = Release|Win32
		{D6FE1D8B-DCB0-4083-8C76-CF3180BEFCEC}.Release|x86.Build.0 = Release|Win32
		{ACBDA225-83DE-4FBA-A746-0135429FB391}.Debug|x64.ActiveCfg = Debug|x64
		{ACBDA225-83DE-4FBA-A746-0135429FB391}.Debug|x64.Build.0 = Debug|x64
		{ACBDA225-83DE-4FBA-A746-0135429FB391}.Debug|x86.ActiveCfg = Debug|Win32
		{ACBDA225-83DE-4FBA-A746-0135429FB391}.Debug|x86.Build.0 = Debug|Win32
		{ACBDA225-83DE-4FBA-A746-0135429FB391}.FastDebug|x64.ActiveCfg = FastDebug|x64
		{ACBDA225-83DE-4FBA-A746-0135429FB391}.FastDebug|x64.Build.0 = FastDebug|x64
		{ACBDA225-83DE-4FBA-A746-0135429FB391}.FastDebug|x86.ActiveCfg = FastDebug|Win32
		{ACBDA225-83DE-4FBA-A746-0135429FB391}.FastDebug|x86.Build.0 = FastDebug|Win32
		{ACBDA225-83DE-4FBA-A746-0135429FB391}.Release|x64.ActiveCfg = Release|x64
		{ACBDA225-83DE-4FBA-A746-0135429FB391}.Release|x64.Build.0 = Release|x64
		{ACBDA225-83DE-4FBA-A746-0135429FB391}.Release|x86.ActiveCfg = Release|Win32
		{ACBDA225-83DE-4FBA-A746-0135429FB391}.Release|x86.Build.0 = Release|Win32
	EndGlobalSection
	GlobalSection(SolutionProperties) = preSolution
		HideSolutionNode = FALSE
	EndGlobalSection
	GlobalSection(ExtensibilityGlobals) = postSolution
		SolutionGuid = {D0A3BEA7-E300-447A-BF7C-41C8BFFA59FD}
	EndGlobalSection
EndGlobal
